# THIS IS AN AUTOGENERATED FILE. DO NOT EDIT THIS FILE DIRECTLY.
# yarn lockfile v1


aws-sdk@~>2.0.0:
  version "2.0.31"
  resolved "https://registry.yarnpkg.com/aws-sdk/-/aws-sdk-2.0.31.tgz#e72cf1fdc69015bd9fd2bdf3d3b88c16507d268e"
  dependencies:
    xml2js "0.2.6"
    xmlbuilder "0.4.2"

formidable@~>1.0.15:
  version "1.0.17"
  resolved "https://registry.yarnpkg.com/formidable/-/formidable-1.0.17.tgz#ef5491490f9433b705faa77249c99029ae348559"

gun-server@^1.0.0:
  version "1.0.0"
  resolved "https://registry.yarnpkg.com/gun-server/-/gun-server-1.0.0.tgz#1af7c4de4a76f57c344228efc5aee4452b9ea398"
  dependencies:
    gun "^0.3.992"

gun@^0.3.992, gun@^0.3.9991:
  version "0.3.9991"
  resolved "https://registry.yarnpkg.com/gun/-/gun-0.3.9991.tgz#f755da39e16fe892f27ee1f5f8b332f4c34a512f"
  dependencies:
    aws-sdk "~>2.0.0"
    formidable "~>1.0.15"
    ws "~>1.0.1"

options@>=0.0.5:
  version "0.0.6"
  resolved "https://registry.yarnpkg.com/options/-/options-0.0.6.tgz#ec22d312806bb53e731773e7cdaefcf1c643128f"

sax@0.4.2:
  version "0.4.2"
  resolved "https://registry.yarnpkg.com/sax/-/sax-0.4.2.tgz#39f3b601733d6bec97105b242a2a40fd6978ac3c"

ultron@1.0.x:
  version "1.0.2"
  resolved "https://registry.yarnpkg.com/ultron/-/ultron-1.0.2.tgz#ace116ab557cd197386a4e88f4685378c8b2e4fa"

ws@~>1.0.1:
  version "1.0.1"
  resolved "https://registry.yarnpkg.com/ws/-/ws-1.0.1.tgz#7d0b2a2e58cddd819039c29c9de65045e1b310e9"
  dependencies:
    options ">=0.0.5"
    ultron "1.0.x"

xml2js@0.2.6:
  version "0.2.6"
  resolved "https://registry.yarnpkg.com/xml2js/-/xml2js-0.2.6.tgz#d209c4e4dda1fc9c452141ef41c077f5adfdf6c4"
  dependencies:
    sax "0.4.2"

xmlbuilder@0.4.2:
  version "0.4.2"
  resolved "https://registry.yarnpkg.com/xmlbuilder/-/xmlbuilder-0.4.2.tgz#1776d65f3fdbad470a08d8604cdeb1c4e540ff83"
